
Microsoft Visual Studio Solution File, Format Version 12.00
# Visual Studio Version 16
VisualStudioVersion = 16.0.31205.134
MinimumVisualStudioVersion = 10.0.40219.1
Project("{FAE04EC0-301F-11D3-BF4B-00C04F79EFBC}") = "3 List treinamento", "3 List treinamento\3 List treinamento.csproj", "{54AE6547-6FA9-4AD8-B3F9-A098B29EA224}"
EndProject
Global
	GlobalSection(SolutionConfigurationPlatforms) = preSolution
		Debug|Any CPU = Debug|Any CPU
		Release|Any CPU = Release|Any CPU
	EndGlobalSection
	GlobalSection(ProjectConfigurationPlatforms) = postSolution
		{54AE6547-6FA9-4AD8-B3F9-A098B29EA224}.Debug|Any CPU.ActiveCfg = Debug|Any CPU
		{54AE6547-6FA9-4AD8-B3F9-A098B29EA224}.Debug|Any CPU.Build.0 = Debug|Any CPU
		{54AE6547-6FA9-4AD8-B3F9-A098B29EA224}.Release|Any CPU.ActiveCfg = Release|Any CPU
		{54AE6547-6FA9-4AD8-B3F9-A098B29EA224}.Release|Any CPU.Build.0 = Release|Any CPU
	EndGlobalSection
	GlobalSection(SolutionProperties) = preSolution
		HideSolutionNode = FALSE
	EndGlobalSection
	GlobalSection(ExtensibilityGlobals) = postSolution
		SolutionGuid = {AA737BC8-E96B-4883-A0DA-FBE750AD7CB0}
	EndGlobalSection
EndGlobal
